
Microsoft Visual Studio Solution File, Format Version 12.00
# Visual Studio Version 17
VisualStudioVersion = 17.11.35312.102
MinimumVisualStudioVersion = 10.0.40219.1
Project("{FAE04EC0-301F-11D3-BF4B-00C04F79EFBC}") = "ShopManagement_Backend", "ShopManagement_Backend\ShopManagement_Backend.csproj", "{C204727E-421C-45F3-B40A-FD1977BDBF34}"
EndProject
Global
	GlobalSection(SolutionConfigurationPlatforms) = preSolution
		Debug|Any CPU = Debug|Any CPU
		Release|Any CPU = Release|Any CPU
	EndGlobalSection
	GlobalSection(ProjectConfigurationPlatforms) = postSolution
		{C204727E-421C-45F3-B40A-FD1977BDBF34}.Debug|Any CPU.ActiveCfg = Debug|Any CPU
		{C204727E-421C-45F3-B40A-FD1977BDBF34}.Debug|Any CPU.Build.0 = Debug|Any CPU
		{C204727E-421C-45F3-B40A-FD1977BDBF34}.Release|Any CPU.ActiveCfg = Release|Any CPU
		{C204727E-421C-45F3-B40A-FD1977BDBF34}.Release|Any CPU.Build.0 = Release|Any CPU
	EndGlobalSection
	GlobalSection(SolutionProperties) = preSolution
		HideSolutionNode = FALSE
	EndGlobalSection
	GlobalSection(ExtensibilityGlobals) = postSolution
		SolutionGuid = {82BAAAA7-B6C2-416E-8665-D62AABA60686}
	EndGlobalSection
EndGlobal
